
Microsoft Visual Studio Solution File, Format Version 12.00
# Visual Studio Version 17
VisualStudioVersion = 17.4.33122.133
MinimumVisualStudioVersion = 10.0.40219.1
Project("{FAE04EC0-301F-11D3-BF4B-00C04F79EFBC}") = "task2", "task2\task2.csproj", "{6C945C19-C6C5-4ADB-8CF1-4382BE4B3392}"
EndProject
Global
	GlobalSection(SolutionConfigurationPlatforms) = preSolution
		Debug|Any CPU = Debug|Any CPU
		Release|Any CPU = Release|Any CPU
	EndGlobalSection
	GlobalSection(ProjectConfigurationPlatforms) = postSolution
		{6C945C19-C6C5-4ADB-8CF1-4382BE4B3392}.Debug|Any CPU.ActiveCfg = Debug|Any CPU
		{6C945C19-C6C5-4ADB-8CF1-4382BE4B3392}.Debug|Any CPU.Build.0 = Debug|Any CPU
		{6C945C19-C6C5-4ADB-8CF1-4382BE4B3392}.Release|Any CPU.ActiveCfg = Release|Any CPU
		{6C945C19-C6C5-4ADB-8CF1-4382BE4B3392}.Release|Any CPU.Build.0 = Release|Any CPU
	EndGlobalSection
	GlobalSection(SolutionProperties) = preSolution
		HideSolutionNode = FALSE
	EndGlobalSection
	GlobalSection(ExtensibilityGlobals) = postSolution
		SolutionGuid = {43D61F88-C439-4C1A-BCB1-47487A212879}
	EndGlobalSection
EndGlobal
